
Microsoft Visual Studio Solution File, Format Version 12.00
# Visual Studio Version 17
VisualStudioVersion = 17.9.34622.214
MinimumVisualStudioVersion = 10.0.40219.1
Project("{FAE04EC0-301F-11D3-BF4B-00C04F79EFBC}") = "SEMANA05", "SEMANA05\SEMANA05.csproj", "{9EEEBDCE-4DD4-4B91-9138-24E01526C3BB}"
EndProject
Global
	GlobalSection(SolutionConfigurationPlatforms) = preSolution
		Debug|Any CPU = Debug|Any CPU
		Release|Any CPU = Release|Any CPU
	EndGlobalSection
	GlobalSection(ProjectConfigurationPlatforms) = postSolution
		{9EEEBDCE-4DD4-4B91-9138-24E01526C3BB}.Debug|Any CPU.ActiveCfg = Debug|Any CPU
		{9EEEBDCE-4DD4-4B91-9138-24E01526C3BB}.Debug|Any CPU.Build.0 = Debug|Any CPU
		{9EEEBDCE-4DD4-4B91-9138-24E01526C3BB}.Release|Any CPU.ActiveCfg = Release|Any CPU
		{9EEEBDCE-4DD4-4B91-9138-24E01526C3BB}.Release|Any CPU.Build.0 = Release|Any CPU
	EndGlobalSection
	GlobalSection(SolutionProperties) = preSolution
		HideSolutionNode = FALSE
	EndGlobalSection
	GlobalSection(ExtensibilityGlobals) = postSolution
		SolutionGuid = {FBA11933-147E-43DD-9186-AA3DF29BBAC1}
	EndGlobalSection
EndGlobal
